
Microsoft Visual Studio Solution File, Format Version 12.00
# Visual Studio 15
VisualStudioVersion = 15.0.28307.1300
MinimumVisualStudioVersion = 10.0.40219.1
Project("{FAE04EC0-301F-11D3-BF4B-00C04F79EFBC}") = "WorkingWithLinq", "WorkingWithLinq\WorkingWithLinq.csproj", "{56AC2B83-29E9-403E-86B8-34EA03A7EA4D}"
EndProject
Global
	GlobalSection(SolutionConfigurationPlatforms) = preSolution
		Debug|Any CPU = Debug|Any CPU
		Release|Any CPU = Release|Any CPU
	EndGlobalSection
	GlobalSection(ProjectConfigurationPlatforms) = postSolution
		{56AC2B83-29E9-403E-86B8-34EA03A7EA4D}.Debug|Any CPU.ActiveCfg = Debug|Any CPU
		{56AC2B83-29E9-403E-86B8-34EA03A7EA4D}.Debug|Any CPU.Build.0 = Debug|Any CPU
		{56AC2B83-29E9-403E-86B8-34EA03A7EA4D}.Release|Any CPU.ActiveCfg = Release|Any CPU
		{56AC2B83-29E9-403E-86B8-34EA03A7EA4D}.Release|Any CPU.Build.0 = Release|Any CPU
	EndGlobalSection
	GlobalSection(SolutionProperties) = preSolution
		HideSolutionNode = FALSE
	EndGlobalSection
	GlobalSection(ExtensibilityGlobals) = postSolution
		SolutionGuid = {F60B9672-35E1-4E28-9257-CC5113B9A47C}
	EndGlobalSection
EndGlobal
